// !$*UTF8*$!
{
	archiveVersion = 1;
	classes = {
	};
	objectVersion = 46;
	objects = {

/* Begin PBXBuildFile section */
		8101F5F21C1AD5F900231439 /* icon_2@2x.png in Resources */ = {isa = PBXBuildFile; fileRef = 8101F5F11C1AD5F900231439 /* icon_2@2x.png */; };
		8101F5F41C1AD6BD00231439 /* icon_1@2x.png in Resources */ = {isa = PBXBuildFile; fileRef = 8101F5F31C1AD6BD00231439 /* icon_1@2x.png */; };
		810CD20B1C1ABDE4001B0B2C /* EMSShareViewController.m in Sources */ = {isa = PBXBuildFile; fileRef = 810CD20A1C1ABDE4001B0B2C /* EMSShareViewController.m */; };
		810CD2111C1ABF15001B0B2C /* share_pengyou@2x.png in Resources */ = {isa = PBXBuildFile; fileRef = 810CD20C1C1ABF15001B0B2C /* share_pengyou@2x.png */; };
		810CD2121C1ABF15001B0B2C /* share_QQ@2x.png in Resources */ = {isa = PBXBuildFile; fileRef = 810CD20D1C1ABF15001B0B2C /* share_QQ@2x.png */; };
		810CD2131C1ABF15001B0B2C /* share_QZone@2x.png in Resources */ = {isa = PBXBuildFile; fileRef = 810CD20E1C1ABF15001B0B2C /* share_QZone@2x.png */; };
		810CD2141C1ABF15001B0B2C /* share_weChat@2x.png in Resources */ = {isa = PBXBuildFile; fileRef = 810CD20F1C1ABF15001B0B2C /* share_weChat@2x.png */; };
		810CD2151C1ABF15001B0B2C /* share_weibo@2x.png in Resources */ = {isa = PBXBuildFile; fileRef = 810CD2101C1ABF15001B0B2C /* share_weibo@2x.png */; };
		810DF9661C4F6DE50071228A /* EMSConfigure.plist in Resources */ = {isa = PBXBuildFile; fileRef = 810DF9171C4F6DE50071228A /* EMSConfigure.plist */; };
		810DF9671C4F6DE50071228A /* EMSLogin.m in Sources */ = {isa = PBXBuildFile; fileRef = 810DF91C1C4F6DE50071228A /* EMSLogin.m */; };
		810DF9681C4F6DE50071228A /* EMSShareSDK.m in Sources */ = {isa = PBXBuildFile; fileRef = 810DF91E1C4F6DE50071228A /* EMSShareSDK.m */; };
		810DF9691C4F6DE50071228A /* EMSHandler.m in Sources */ = {isa = PBXBuildFile; fileRef = 810DF9211C4F6DE50071228A /* EMSHandler.m */; };
		810DF96A1C4F6DE50071228A /* EMSManager.m in Sources */ = {isa = PBXBuildFile; fileRef = 810DF9231C4F6DE50071228A /* EMSManager.m */; };
		810DF96B1C4F6DE50071228A /* EMSObject.m in Sources */ = {isa = PBXBuildFile; fileRef = 810DF9261C4F6DE50071228A /* EMSObject.m */; };
		810DF96C1C4F6DE50071228A /* EMSImageLoader.m in Sources */ = {isa = PBXBuildFile; fileRef = 810DF9291C4F6DE50071228A /* EMSImageLoader.m */; };
		810DF96D1C4F6DE50071228A /* EMSPersister.m in Sources */ = {isa = PBXBuildFile; fileRef = 810DF92B1C4F6DE50071228A /* EMSPersister.m */; };
		810DF96E1C4F6DE50071228A /* MKAnnotationView+WebCache.m in Sources */ = {isa = PBXBuildFile; fileRef = 810DF92E1C4F6DE50071228A /* MKAnnotationView+WebCache.m */; };
		810DF96F1C4F6DE50071228A /* NSData+ImageContentType.m in Sources */ = {isa = PBXBuildFile; fileRef = 810DF9301C4F6DE50071228A /* NSData+ImageContentType.m */; };
		810DF9701C4F6DE50071228A /* SDImageCache.m in Sources */ = {isa = PBXBuildFile; fileRef = 810DF9321C4F6DE50071228A /* SDImageCache.m */; };
		810DF9711C4F6DE50071228A /* SDWebImageCompat.m in Sources */ = {isa = PBXBuildFile; fileRef = 810DF9341C4F6DE50071228A /* SDWebImageCompat.m */; };
		810DF9721C4F6DE50071228A /* SDWebImageDecoder.m in Sources */ = {isa = PBXBuildFile; fileRef = 810DF9361C4F6DE50071228A /* SDWebImageDecoder.m */; };
		810DF9731C4F6DE50071228A /* SDWebImageDownloader.m in Sources */ = {isa = PBXBuildFile; fileRef = 810DF9381C4F6DE50071228A /* SDWebImageDownloader.m */; };
		810DF9741C4F6DE50071228A /* SDWebImageDownloaderOperation.m in Sources */ = {isa = PBXBuildFile; fileRef = 810DF93A1C4F6DE50071228A /* SDWebImageDownloaderOperation.m */; };
		810DF9751C4F6DE50071228A /* SDWebImageManager.m in Sources */ = {isa = PBXBuildFile; fileRef = 810DF93C1C4F6DE50071228A /* SDWebImageManager.m */; };
		810DF9761C4F6DE50071228A /* SDWebImagePrefetcher.m in Sources */ = {isa = PBXBuildFile; fileRef = 810DF93F1C4F6DE50071228A /* SDWebImagePrefetcher.m */; };
		810DF9771C4F6DE50071228A /* UIButton+WebCache.m in Sources */ = {isa = PBXBuildFile; fileRef = 810DF9411C4F6DE50071228A /* UIButton+WebCache.m */; };
		810DF9781C4F6DE50071228A /* UIImage+GIF.m in Sources */ = {isa = PBXBuildFile; fileRef = 810DF9431C4F6DE50071228A /* UIImage+GIF.m */; };
		810DF9791C4F6DE50071228A /* UIImage+MultiFormat.m in Sources */ = {isa = PBXBuildFile; fileRef = 810DF9451C4F6DE50071228A /* UIImage+MultiFormat.m */; };
		810DF97A1C4F6DE50071228A /* UIImage+WebP.m in Sources */ = {isa = PBXBuildFile; fileRef = 810DF9471C4F6DE50071228A /* UIImage+WebP.m */; };
		810DF97B1C4F6DE50071228A /* UIImageView+HighlightedWebCache.m in Sources */ = {isa = PBXBuildFile; fileRef = 810DF9491C4F6DE50071228A /* UIImageView+HighlightedWebCache.m */; };
		810DF97C1C4F6DE50071228A /* UIImageView+WebCache.m in Sources */ = {isa = PBXBuildFile; fileRef = 810DF94B1C4F6DE50071228A /* UIImageView+WebCache.m */; };
		810DF97D1C4F6DE50071228A /* UIView+WebCacheOperation.m in Sources */ = {isa = PBXBuildFile; fileRef = 810DF94D1C4F6DE50071228A /* UIView+WebCacheOperation.m */; };
		810DF97E1C4F6DE50071228A /* UIImage+CompressImage.m in Sources */ = {isa = PBXBuildFile; fileRef = 810DF94F1C4F6DE50071228A /* UIImage+CompressImage.m */; };
		810DF97F1C4F6DE50071228A /* TencentOpenAPI.framework in Frameworks */ = {isa = PBXBuildFile; fileRef = 810DF9521C4F6DE50071228A /* TencentOpenAPI.framework */; };
		810DF9801C4F6DE50071228A /* TencentOpenApi_IOS_Bundle.bundle in Resources */ = {isa = PBXBuildFile; fileRef = 810DF9531C4F6DE50071228A /* TencentOpenApi_IOS_Bundle.bundle */; };
		810DF9811C4F6DE50071228A /* libWeChatSDK.a in Frameworks */ = {isa = PBXBuildFile; fileRef = 810DF9551C4F6DE50071228A /* libWeChatSDK.a */; };
		810DF9821C4F6DE50071228A /* libWeiboSDK.a in Frameworks */ = {isa = PBXBuildFile; fileRef = 810DF95A1C4F6DE50071228A /* libWeiboSDK.a */; };
		810DF9831C4F6DE50071228A /* WeiboSDK.bundle in Resources */ = {isa = PBXBuildFile; fileRef = 810DF9631C4F6DE50071228A /* WeiboSDK.bundle */; };
		8149FC301C1AAB8700CAE0E9 /* EMSLoginViewController.m in Sources */ = {isa = PBXBuildFile; fileRef = 8149FC2F1C1AAB8700CAE0E9 /* EMSLoginViewController.m */; };
		8149FC361C1AAFF900CAE0E9 /* UIButtonTextView.m in Sources */ = {isa = PBXBuildFile; fileRef = 8149FC331C1AAFF900CAE0E9 /* UIButtonTextView.m */; };
		8149FC371C1AAFF900CAE0E9 /* UIShareView.m in Sources */ = {isa = PBXBuildFile; fileRef = 8149FC351C1AAFF900CAE0E9 /* UIShareView.m */; };
		81628FC71C1AB6CB0019F2CA /* UIView+Ext.m in Sources */ = {isa = PBXBuildFile; fileRef = 81628FC61C1AB6CB0019F2CA /* UIView+Ext.m */; };
		816704071C23CEC900C36999 /* btn_weibo.png in Resources */ = {isa = PBXBuildFile; fileRef = 816704061C23CEC900C36999 /* btn_weibo.png */; };
		816704091C23CFE800C36999 /* btn_QQ.png in Resources */ = {isa = PBXBuildFile; fileRef = 816704081C23CFE800C36999 /* btn_QQ.png */; };
		816933931C23CAB00074C80A /* close_x@2x.png in Resources */ = {isa = PBXBuildFile; fileRef = 816933921C23CAB00074C80A /* close_x@2x.png */; };
		816FFA721C1AA3A400B26ABE /* SystemConfiguration.framework in Frameworks */ = {isa = PBXBuildFile; fileRef = 816FFA711C1AA3A400B26ABE /* SystemConfiguration.framework */; };
		816FFA741C1AA3AF00B26ABE /* CoreTelephony.framework in Frameworks */ = {isa = PBXBuildFile; fileRef = 816FFA731C1AA3AF00B26ABE /* CoreTelephony.framework */; };
		816FFA761C1AA3B900B26ABE /* libz.tbd in Frameworks */ = {isa = PBXBuildFile; fileRef = 816FFA751C1AA3B900B26ABE /* libz.tbd */; };
		816FFA781C1AA3C300B26ABE /* libsqlite3.0.tbd in Frameworks */ = {isa = PBXBuildFile; fileRef = 816FFA771C1AA3C300B26ABE /* libsqlite3.0.tbd */; };
		816FFA7F1C1AA6F200B26ABE /* libc++.tbd in Frameworks */ = {isa = PBXBuildFile; fileRef = 816FFA7E1C1AA6F200B26ABE /* libc++.tbd */; };
		81AC35501C16B7CA004C4160 /* main.m in Sources */ = {isa = PBXBuildFile; fileRef = 81AC354F1C16B7CA004C4160 /* main.m */; };
		81AC35531C16B7CA004C4160 /* AppDelegate.m in Sources */ = {isa = PBXBuildFile; fileRef = 81AC35521C16B7CA004C4160 /* AppDelegate.m */; };
		81AC355F1C16B7CA004C4160 /* Main.storyboard in Resources */ = {isa = PBXBuildFile; fileRef = 81AC355D1C16B7CA004C4160 /* Main.storyboard */; };
		81AC35611C16B7CA004C4160 /* Assets.xcassets in Resources */ = {isa = PBXBuildFile; fileRef = 81AC35601C16B7CA004C4160 /* Assets.xcassets */; };
		81AC35641C16B7CA004C4160 /* LaunchScreen.storyboard in Resources */ = {isa = PBXBuildFile; fileRef = 81AC35621C16B7CA004C4160 /* LaunchScreen.storyboard */; };
		81D48C591C22B1150008632F /* QuartzCore.framework in Frameworks */ = {isa = PBXBuildFile; fileRef = 81D48C581C22B1140008632F /* QuartzCore.framework */; };
		81D48C5B1C22B12F0008632F /* ImageIO.framework in Frameworks */ = {isa = PBXBuildFile; fileRef = 81D48C5A1C22B12F0008632F /* ImageIO.framework */; };
		81D48C5D1C22B1400008632F /* CoreText.framework in Frameworks */ = {isa = PBXBuildFile; fileRef = 81D48C5C1C22B1400008632F /* CoreText.framework */; };
		81D48C661C23C3B20008632F /* btn_weChat.png in Resources */ = {isa = PBXBuildFile; fileRef = 81D48C651C23C3B20008632F /* btn_weChat.png */; };
		81DC6CE61C196F7C00C739CD /* launch_icon@2x.png in Resources */ = {isa = PBXBuildFile; fileRef = 81DC6CE51C196F7C00C739CD /* launch_icon@2x.png */; };
		81EB83E31C21689200233E8B /* Security.framework in Frameworks */ = {isa = PBXBuildFile; fileRef = 81EB83E21C21689200233E8B /* Security.framework */; };
		81EB83E51C2168A000233E8B /* libiconv.tbd in Frameworks */ = {isa = PBXBuildFile; fileRef = 81EB83E41C2168A000233E8B /* libiconv.tbd */; };
		81EB83E71C2168AD00233E8B /* CoreGraphics.framework in Frameworks */ = {isa = PBXBuildFile; fileRef = 81EB83E61C2168AD00233E8B /* CoreGraphics.framework */; };
		81EB83E91C2168D100233E8B /* libstdc++.tbd in Frameworks */ = {isa = PBXBuildFile; fileRef = 81EB83E81C2168D100233E8B /* libstdc++.tbd */; };
		81F29C5E1C200A2600556C6E /* test.png in Resources */ = {isa = PBXBuildFile; fileRef = 81F29C5D1C200A2600556C6E /* test.png */; };
/* End PBXBuildFile section */

/* Begin PBXFileReference section */
		8101F5F11C1AD5F900231439 /* icon_2@2x.png */ = {isa = PBXFileReference; lastKnownFileType = image.png; path = "icon_2@2x.png"; sourceTree = "<group>"; };
		8101F5F31C1AD6BD00231439 /* icon_1@2x.png */ = {isa = PBXFileReference; lastKnownFileType = image.png; path = "icon_1@2x.png"; sourceTree = "<group>"; };
		810CD2091C1ABDE4001B0B2C /* EMSShareViewController.h */ = {isa = PBXFileReference; fileEncoding = 4; lastKnownFileType = sourcecode.c.h; path = EMSShareViewController.h; sourceTree = "<group>"; };
		810CD20A1C1ABDE4001B0B2C /* EMSShareViewController.m */ = {isa = PBXFileReference; fileEncoding = 4; lastKnownFileType = sourcecode.c.objc; path = EMSShareViewController.m; sourceTree = "<group>"; };
		810CD20C1C1ABF15001B0B2C /* share_pengyou@2x.png */ = {isa = PBXFileReference; lastKnownFileType = image.png; path = "share_pengyou@2x.png"; sourceTree = "<group>"; };
		810CD20D1C1ABF15001B0B2C /* share_QQ@2x.png */ = {isa = PBXFileReference; lastKnownFileType = image.png; path = "share_QQ@2x.png"; sourceTree = "<group>"; };
		810CD20E1C1ABF15001B0B2C /* share_QZone@2x.png */ = {isa = PBXFileReference; lastKnownFileType = image.png; path = "share_QZone@2x.png"; sourceTree = "<group>"; };
		810CD20F1C1ABF15001B0B2C /* share_weChat@2x.png */ = {isa = PBXFileReference; lastKnownFileType = image.png; path = "share_weChat@2x.png"; sourceTree = "<group>"; };
		810CD2101C1ABF15001B0B2C /* share_weibo@2x.png */ = {isa = PBXFileReference; lastKnownFileType = image.png; path = "share_weibo@2x.png"; sourceTree = "<group>"; };
		810DF9171C4F6DE50071228A /* EMSConfigure.plist */ = {isa = PBXFileReference; fileEncoding = 4; lastKnownFileType = text.plist.xml; path = EMSConfigure.plist; sourceTree = "<group>"; };
		810DF9181C4F6DE50071228A /* EMSConstant.h */ = {isa = PBXFileReference; fileEncoding = 4; lastKnownFileType = sourcecode.c.h; path = EMSConstant.h; sourceTree = "<group>"; };
		810DF9191C4F6DE50071228A /* EMSTypedef.h */ = {isa = PBXFileReference; fileEncoding = 4; lastKnownFileType = sourcecode.c.h; path = EMSTypedef.h; sourceTree = "<group>"; };
		810DF91B1C4F6DE50071228A /* EMSLogin.h */ = {isa = PBXFileReference; fileEncoding = 4; lastKnownFileType = sourcecode.c.h; path = EMSLogin.h; sourceTree = "<group>"; };
		810DF91C1C4F6DE50071228A /* EMSLogin.m */ = {isa = PBXFileReference; fileEncoding = 4; lastKnownFileType = sourcecode.c.objc; path = EMSLogin.m; sourceTree = "<group>"; };
		810DF91D1C4F6DE50071228A /* EMSShareSDK.h */ = {isa = PBXFileReference; fileEncoding = 4; lastKnownFileType = sourcecode.c.h; path = EMSShareSDK.h; sourceTree = "<group>"; };
		810DF91E1C4F6DE50071228A /* EMSShareSDK.m */ = {isa = PBXFileReference; fileEncoding = 4; lastKnownFileType = sourcecode.c.objc; path = EMSShareSDK.m; sourceTree = "<group>"; };
		810DF9201C4F6DE50071228A /* EMSHandler.h */ = {isa = PBXFileReference; fileEncoding = 4; lastKnownFileType = sourcecode.c.h; path = EMSHandler.h; sourceTree = "<group>"; };
		810DF9211C4F6DE50071228A /* EMSHandler.m */ = {isa = PBXFileReference; fileEncoding = 4; lastKnownFileType = sourcecode.c.objc; path = EMSHandler.m; sourceTree = "<group>"; };
		810DF9221C4F6DE50071228A /* EMSManager.h */ = {isa = PBXFileReference; fileEncoding = 4; lastKnownFileType = sourcecode.c.h; path = EMSManager.h; sourceTree = "<group>"; };
		810DF9231C4F6DE50071228A /* EMSManager.m */ = {isa = PBXFileReference; fileEncoding = 4; lastKnownFileType = sourcecode.c.objc; path = EMSManager.m; sourceTree = "<group>"; };
		810DF9251C4F6DE50071228A /* EMSObject.h */ = {isa = PBXFileReference; fileEncoding = 4; lastKnownFileType = sourcecode.c.h; path = EMSObject.h; sourceTree = "<group>"; };
		810DF9261C4F6DE50071228A /* EMSObject.m */ = {isa = PBXFileReference; fileEncoding = 4; lastKnownFileType = sourcecode.c.objc; path = EMSObject.m; sourceTree = "<group>"; };
		810DF9281C4F6DE50071228A /* EMSImageLoader.h */ = {isa = PBXFileReference; fileEncoding = 4; lastKnownFileType = sourcecode.c.h; path = EMSImageLoader.h; sourceTree = "<group>"; };
		810DF9291C4F6DE50071228A /* EMSImageLoader.m */ = {isa = PBXFileReference; fileEncoding = 4; lastKnownFileType = sourcecode.c.objc; path = EMSImageLoader.m; sourceTree = "<group>"; };
		810DF92A1C4F6DE50071228A /* EMSPersister.h */ = {isa = PBXFileReference; fileEncoding = 4; lastKnownFileType = sourcecode.c.h; path = EMSPersister.h; sourceTree = "<group>"; };
		810DF92B1C4F6DE50071228A /* EMSPersister.m */ = {isa = PBXFileReference; fileEncoding = 4; lastKnownFileType = sourcecode.c.objc; path = EMSPersister.m; sourceTree = "<group>"; };
		810DF92D1C4F6DE50071228A /* MKAnnotationView+WebCache.h */ = {isa = PBXFileReference; fileEncoding = 4; lastKnownFileType = sourcecode.c.h; path = "MKAnnotationView+WebCache.h"; sourceTree = "<group>"; };
		810DF92E1C4F6DE50071228A /* MKAnnotationView+WebCache.m */ = {isa = PBXFileReference; fileEncoding = 4; lastKnownFileType = sourcecode.c.objc; path = "MKAnnotationView+WebCache.m"; sourceTree = "<group>"; };
		810DF92F1C4F6DE50071228A /* NSData+ImageContentType.h */ = {isa = PBXFileReference; fileEncoding = 4; lastKnownFileType = sourcecode.c.h; path = "NSData+ImageContentType.h"; sourceTree = "<group>"; };
		810DF9301C4F6DE50071228A /* NSData+ImageContentType.m */ = {isa = PBXFileReference; fileEncoding = 4; lastKnownFileType = sourcecode.c.objc; path = "NSData+ImageContentType.m"; sourceTree = "<group>"; };
		810DF9311C4F6DE50071228A /* SDImageCache.h */ = {isa = PBXFileReference; fileEncoding = 4; lastKnownFileType = sourcecode.c.h; path = SDImageCache.h; sourceTree = "<group>"; };
		810DF9321C4F6DE50071228A /* SDImageCache.m */ = {isa = PBXFileReference; fileEncoding = 4; lastKnownFileType = sourcecode.c.objc; path = SDImageCache.m; sourceTree = "<group>"; };
		810DF9331C4F6DE50071228A /* SDWebImageCompat.h */ = {isa = PBXFileReference; fileEncoding = 4; lastKnownFileType = sourcecode.c.h; path = SDWebImageCompat.h; sourceTree = "<group>"; };
		810DF9341C4F6DE50071228A /* SDWebImageCompat.m */ = {isa = PBXFileReference; fileEncoding = 4; lastKnownFileType = sourcecode.c.objc; path = SDWebImageCompat.m; sourceTree = "<group>"; };
		810DF9351C4F6DE50071228A /* SDWebImageDecoder.h */ = {isa = PBXFileReference; fileEncoding = 4; lastKnownFileType = sourcecode.c.h; path = SDWebImageDecoder.h; sourceTree = "<group>"; };
		810DF9361C4F6DE50071228A /* SDWebImageDecoder.m */ = {isa = PBXFileReference; fileEncoding = 4; lastKnownFileType = sourcecode.c.objc; path = SDWebImageDecoder.m; sourceTree = "<group>"; };
		810DF9371C4F6DE50071228A /* SDWebImageDownloader.h */ = {isa = PBXFileReference; fileEncoding = 4; lastKnownFileType = sourcecode.c.h; path = SDWebImageDownloader.h; sourceTree = "<group>"; };
		810DF9381C4F6DE50071228A /* SDWebImageDownloader.m */ = {isa = PBXFileReference; fileEncoding = 4; lastKnownFileType = sourcecode.c.objc; path = SDWebImageDownloader.m; sourceTree = "<group>"; };
		810DF9391C4F6DE50071228A /* SDWebImageDownloaderOperation.h */ = {isa = PBXFileReference; fileEncoding = 4; lastKnownFileType = sourcecode.c.h; path = SDWebImageDownloaderOperation.h; sourceTree = "<group>"; };
		810DF93A1C4F6DE50071228A /* SDWebImageDownloaderOperation.m */ = {isa = PBXFileReference; fileEncoding = 4; lastKnownFileType = sourcecode.c.objc; path = SDWebImageDownloaderOperation.m; sourceTree = "<group>"; };
		810DF93B1C4F6DE50071228A /* SDWebImageManager.h */ = {isa = PBXFileReference; fileEncoding = 4; lastKnownFileType = sourcecode.c.h; path = SDWebImageManager.h; sourceTree = "<group>"; };
		810DF93C1C4F6DE50071228A /* SDWebImageManager.m */ = {isa = PBXFileReference; fileEncoding = 4; lastKnownFileType = sourcecode.c.objc; path = SDWebImageManager.m; sourceTree = "<group>"; };
		810DF93D1C4F6DE50071228A /* SDWebImageOperation.h */ = {isa = PBXFileReference; fileEncoding = 4; lastKnownFileType = sourcecode.c.h; path = SDWebImageOperation.h; sourceTree = "<group>"; };
		810DF93E1C4F6DE50071228A /* SDWebImagePrefetcher.h */ = {isa = PBXFileReference; fileEncoding = 4; lastKnownFileType = sourcecode.c.h; path = SDWebImagePrefetcher.h; sourceTree = "<group>"; };
		810DF93F1C4F6DE50071228A /* SDWebImagePrefetcher.m */ = {isa = PBXFileReference; fileEncoding = 4; lastKnownFileType = sourcecode.c.objc; path = SDWebImagePrefetcher.m; sourceTree = "<group>"; };
		810DF9401C4F6DE50071228A /* UIButton+WebCache.h */ = {isa = PBXFileReference; fileEncoding = 4; lastKnownFileType = sourcecode.c.h; path = "UIButton+WebCache.h"; sourceTree = "<group>"; };
		810DF9411C4F6DE50071228A /* UIButton+WebCache.m */ = {isa = PBXFileReference; fileEncoding = 4; lastKnownFileType = sourcecode.c.objc; path = "UIButton+WebCache.m"; sourceTree = "<group>"; };
		810DF9421C4F6DE50071228A /* UIImage+GIF.h */ = {isa = PBXFileReference; fileEncoding = 4; lastKnownFileType = sourcecode.c.h; path = "UIImage+GIF.h"; sourceTree = "<group>"; };
		810DF9431C4F6DE50071228A /* UIImage+GIF.m */ = {isa = PBXFileReference; fileEncoding = 4; lastKnownFileType = sourcecode.c.objc; path = "UIImage+GIF.m"; sourceTree = "<group>"; };
		810DF9441C4F6DE50071228A /* UIImage+MultiFormat.h */ = {isa = PBXFileReference; fileEncoding = 4; lastKnownFileType = sourcecode.c.h; path = "UIImage+MultiFormat.h"; sourceTree = "<group>"; };
		810DF9451C4F6DE50071228A /* UIImage+MultiFormat.m */ = {isa = PBXFileReference; fileEncoding = 4; lastKnownFileType = sourcecode.c.objc; path = "UIImage+MultiFormat.m"; sourceTree = "<group>"; };
		810DF9461C4F6DE50071228A /* UIImage+WebP.h */ = {isa = PBXFileReference; fileEncoding = 4; lastKnownFileType = sourcecode.c.h; path = "UIImage+WebP.h"; sourceTree = "<group>"; };
		810DF9471C4F6DE50071228A /* UIImage+WebP.m */ = {isa = PBXFileReference; fileEncoding = 4; lastKnownFileType = sourcecode.c.objc; path = "UIImage+WebP.m"; sourceTree = "<group>"; };
		810DF9481C4F6DE50071228A /* UIImageView+HighlightedWebCache.h */ = {isa = PBXFileReference; fileEncoding = 4; lastKnownFileType = sourcecode.c.h; path = "UIImageView+HighlightedWebCache.h"; sourceTree = "<group>"; };
		810DF9491C4F6DE50071228A /* UIImageView+HighlightedWebCache.m */ = {isa = PBXFileReference; fileEncoding = 4; lastKnownFileType = sourcecode.c.objc; path = "UIImageView+HighlightedWebCache.m"; sourceTree = "<group>"; };
		810DF94A1C4F6DE50071228A /* UIImageView+WebCache.h */ = {isa = PBXFileReference; fileEncoding = 4; lastKnownFileType = sourcecode.c.h; path = "UIImageView+WebCache.h"; sourceTree = "<group>"; };
		810DF94B1C4F6DE50071228A /* UIImageView+WebCache.m */ = {isa = PBXFileReference; fileEncoding = 4; lastKnownFileType = sourcecode.c.objc; path = "UIImageView+WebCache.m"; sourceTree = "<group>"; };
		810DF94C1C4F6DE50071228A /* UIView+WebCacheOperation.h */ = {isa = PBXFileReference; fileEncoding = 4; lastKnownFileType = sourcecode.c.h; path = "UIView+WebCacheOperation.h"; sourceTree = "<group>"; };
		810DF94D1C4F6DE50071228A /* UIView+WebCacheOperation.m */ = {isa = PBXFileReference; fileEncoding = 4; lastKnownFileType = sourcecode.c.objc; path = "UIView+WebCacheOperation.m"; sourceTree = "<group>"; };
		810DF94E1C4F6DE50071228A /* UIImage+CompressImage.h */ = {isa = PBXFileReference; fileEncoding = 4; lastKnownFileType = sourcecode.c.h; path = "UIImage+CompressImage.h"; sourceTree = "<group>"; };
		810DF94F1C4F6DE50071228A /* UIImage+CompressImage.m */ = {isa = PBXFileReference; fileEncoding = 4; lastKnownFileType = sourcecode.c.objc; path = "UIImage+CompressImage.m"; sourceTree = "<group>"; };
		810DF9521C4F6DE50071228A /* TencentOpenAPI.framework */ = {isa = PBXFileReference; lastKnownFileType = wrapper.framework; path = TencentOpenAPI.framework; sourceTree = "<group>"; };
		810DF9531C4F6DE50071228A /* TencentOpenApi_IOS_Bundle.bundle */ = {isa = PBXFileReference; lastKnownFileType = "wrapper.plug-in"; path = TencentOpenApi_IOS_Bundle.bundle; sourceTree = "<group>"; };
		810DF9551C4F6DE50071228A /* libWeChatSDK.a */ = {isa = PBXFileReference; lastKnownFileType = archive.ar; path = libWeChatSDK.a; sourceTree = "<group>"; };
		810DF9561C4F6DE50071228A /* WechatAuthSDK.h */ = {isa = PBXFileReference; fileEncoding = 4; lastKnownFileType = sourcecode.c.h; path = WechatAuthSDK.h; sourceTree = "<group>"; };
		810DF9571C4F6DE50071228A /* WXApi.h */ = {isa = PBXFileReference; fileEncoding = 4; lastKnownFileType = sourcecode.c.h; path = WXApi.h; sourceTree = "<group>"; };
		810DF9581C4F6DE50071228A /* WXApiObject.h */ = {isa = PBXFileReference; fileEncoding = 4; lastKnownFileType = sourcecode.c.h; path = WXApiObject.h; sourceTree = "<group>"; };
		810DF95A1C4F6DE50071228A /* libWeiboSDK.a */ = {isa = PBXFileReference; lastKnownFileType = archive.ar; path = libWeiboSDK.a; sourceTree = "<group>"; };
		810DF95B1C4F6DE50071228A /* WBHttpRequest+WeiboGame.h */ = {isa = PBXFileReference; fileEncoding = 4; lastKnownFileType = sourcecode.c.h; path = "WBHttpRequest+WeiboGame.h"; sourceTree = "<group>"; };
		810DF95C1C4F6DE50071228A /* WBHttpRequest+WeiboShare.h */ = {isa = PBXFileReference; fileEncoding = 4; lastKnownFileType = sourcecode.c.h; path = "WBHttpRequest+WeiboShare.h"; sourceTree = "<group>"; };
		810DF95D1C4F6DE50071228A /* WBHttpRequest+WeiboToken.h */ = {isa = PBXFileReference; fileEncoding = 4; lastKnownFileType = sourcecode.c.h; path = "WBHttpRequest+WeiboToken.h"; sourceTree = "<group>"; };
		810DF95E1C4F6DE50071228A /* WBHttpRequest+WeiboUser.h */ = {isa = PBXFileReference; fileEncoding = 4; lastKnownFileType = sourcecode.c.h; path = "WBHttpRequest+WeiboUser.h"; sourceTree = "<group>"; };
		810DF95F1C4F6DE50071228A /* WBHttpRequest.h */ = {isa = PBXFileReference; fileEncoding = 4; lastKnownFileType = sourcecode.c.h; path = WBHttpRequest.h; sourceTree = "<group>"; };
		810DF9601C4F6DE50071228A /* WBSDKBasicButton.h */ = {isa = PBXFileReference; fileEncoding = 4; lastKnownFileType = sourcecode.c.h; path = WBSDKBasicButton.h; sourceTree = "<group>"; };
		810DF9611C4F6DE50071228A /* WBSDKCommentButton.h */ = {isa = PBXFileReference; fileEncoding = 4; lastKnownFileType = sourcecode.c.h; path = WBSDKCommentButton.h; sourceTree = "<group>"; };
		810DF9621C4F6DE50071228A /* WBSDKRelationshipButton.h */ = {isa = PBXFileReference; fileEncoding = 4; lastKnownFileType = sourcecode.c.h; path = WBSDKRelationshipButton.h; sourceTree = "<group>"; };
		810DF9631C4F6DE50071228A /* WeiboSDK.bundle */ = {isa = PBXFileReference; lastKnownFileType = "wrapper.plug-in"; path = WeiboSDK.bundle; sourceTree = "<group>"; };
		810DF9641C4F6DE50071228A /* WeiboSDK.h */ = {isa = PBXFileReference; fileEncoding = 4; lastKnownFileType = sourcecode.c.h; path = WeiboSDK.h; sourceTree = "<group>"; };
		810DF9651C4F6DE50071228A /* WeiboUser.h */ = {isa = PBXFileReference; fileEncoding = 4; lastKnownFileType = sourcecode.c.h; path = WeiboUser.h; sourceTree = "<group>"; };
		8149FC2E1C1AAB8700CAE0E9 /* EMSLoginViewController.h */ = {isa = PBXFileReference; fileEncoding = 4; lastKnownFileType = sourcecode.c.h; path = EMSLoginViewController.h; sourceTree = "<group>"; };
		8149FC2F1C1AAB8700CAE0E9 /* EMSLoginViewController.m */ = {isa = PBXFileReference; fileEncoding = 4; lastKnownFileType = sourcecode.c.objc; path = EMSLoginViewController.m; sourceTree = "<group>"; };
		8149FC321C1AAFF900CAE0E9 /* UIButtonTextView.h */ = {isa = PBXFileReference; fileEncoding = 4; lastKnownFileType = sourcecode.c.h; path = UIButtonTextView.h; sourceTree = "<group>"; };
		8149FC331C1AAFF900CAE0E9 /* UIButtonTextView.m */ = {isa = PBXFileReference; fileEncoding = 4; lastKnownFileType = sourcecode.c.objc; path = UIButtonTextView.m; sourceTree = "<group>"; };
		8149FC341C1AAFF900CAE0E9 /* UIShareView.h */ = {isa = PBXFileReference; fileEncoding = 4; lastKnownFileType = sourcecode.c.h; path = UIShareView.h; sourceTree = "<group>"; };
		8149FC351C1AAFF900CAE0E9 /* UIShareView.m */ = {isa = PBXFileReference; fileEncoding = 4; lastKnownFileType = sourcecode.c.objc; path = UIShareView.m; sourceTree = "<group>"; };
		8149FC381C1AB03500CAE0E9 /* PrefixHeader.pch */ = {isa = PBXFileReference; lastKnownFileType = sourcecode.c.h; path = PrefixHeader.pch; sourceTree = "<group>"; };
		8149FC3A1C1AB08A00CAE0E9 /* EMSMacros.h */ = {isa = PBXFileReference; lastKnownFileType = sourcecode.c.h; path = EMSMacros.h; sourceTree = "<group>"; };
		81628FC51C1AB6CB0019F2CA /* UIView+Ext.h */ = {isa = PBXFileReference; fileEncoding = 4; lastKnownFileType = sourcecode.c.h; path = "UIView+Ext.h"; sourceTree = "<group>"; };
		81628FC61C1AB6CB0019F2CA /* UIView+Ext.m */ = {isa = PBXFileReference; fileEncoding = 4; lastKnownFileType = sourcecode.c.objc; path = "UIView+Ext.m"; sourceTree = "<group>"; };
		816704061C23CEC900C36999 /* btn_weibo.png */ = {isa = PBXFileReference; lastKnownFileType = image.png; path = btn_weibo.png; sourceTree = "<group>"; };
		816704081C23CFE800C36999 /* btn_QQ.png */ = {isa = PBXFileReference; lastKnownFileType = image.png; path = btn_QQ.png; sourceTree = "<group>"; };
		816933921C23CAB00074C80A /* close_x@2x.png */ = {isa = PBXFileReference; lastKnownFileType = image.png; path = "close_x@2x.png"; sourceTree = "<group>"; };
		816FFA711C1AA3A400B26ABE /* SystemConfiguration.framework */ = {isa = PBXFileReference; lastKnownFileType = wrapper.framework; name = SystemConfiguration.framework; path = System/Library/Frameworks/SystemConfiguration.framework; sourceTree = SDKROOT; };
		816FFA731C1AA3AF00B26ABE /* CoreTelephony.framework */ = {isa = PBXFileReference; lastKnownFileType = wrapper.framework; name = CoreTelephony.framework; path = System/Library/Frameworks/CoreTelephony.framework; sourceTree = SDKROOT; };
		816FFA751C1AA3B900B26ABE /* libz.tbd */ = {isa = PBXFileReference; lastKnownFileType = "sourcecode.text-based-dylib-definition"; name = libz.tbd; path = usr/lib/libz.tbd; sourceTree = SDKROOT; };
		816FFA771C1AA3C300B26ABE /* libsqlite3.0.tbd */ = {isa = PBXFileReference; lastKnownFileType = "sourcecode.text-based-dylib-definition"; name = libsqlite3.0.tbd; path = usr/lib/libsqlite3.0.tbd; sourceTree = SDKROOT; };
		816FFA7E1C1AA6F200B26ABE /* libc++.tbd */ = {isa = PBXFileReference; lastKnownFileType = "sourcecode.text-based-dylib-definition"; name = "libc++.tbd"; path = "usr/lib/libc++.tbd"; sourceTree = SDKROOT; };
		81AC354B1C16B7CA004C4160 /* ShareDome.app */ = {isa = PBXFileReference; explicitFileType = wrapper.application; includeInIndex = 0; path = ShareDome.app; sourceTree = BUILT_PRODUCTS_DIR; };
		81AC354F1C16B7CA004C4160 /* main.m */ = {isa = PBXFileReference; lastKnownFileType = sourcecode.c.objc; path = main.m; sourceTree = "<group>"; };
		81AC35511C16B7CA004C4160 /* AppDelegate.h */ = {isa = PBXFileReference; lastKnownFileType = sourcecode.c.h; path = AppDelegate.h; sourceTree = "<group>"; };
		81AC35521C16B7CA004C4160 /* AppDelegate.m */ = {isa = PBXFileReference; lastKnownFileType = sourcecode.c.objc; path = AppDelegate.m; sourceTree = "<group>"; };
		81AC355E1C16B7CA004C4160 /* Base */ = {isa = PBXFileReference; lastKnownFileType = file.storyboard; name = Base; path = Base.lproj/Main.storyboard; sourceTree = "<group>"; };
		81AC35601C16B7CA004C4160 /* Assets.xcassets */ = {isa = PBXFileReference; lastKnownFileType = folder.assetcatalog; path = Assets.xcassets; sourceTree = "<group>"; };
		81AC35631C16B7CA004C4160 /* Base */ = {isa = PBXFileReference; lastKnownFileType = file.storyboard; name = Base; path = Base.lproj/LaunchScreen.storyboard; sourceTree = "<group>"; };
		81AC35651C16B7CA004C4160 /* Info.plist */ = {isa = PBXFileReference; lastKnownFileType = text.plist.xml; path = Info.plist; sourceTree = "<group>"; };
		81D48C581C22B1140008632F /* QuartzCore.framework */ = {isa = PBXFileReference; lastKnownFileType = wrapper.framework; name = QuartzCore.framework; path = System/Library/Frameworks/QuartzCore.framework; sourceTree = SDKROOT; };
		81D48C5A1C22B12F0008632F /* ImageIO.framework */ = {isa = PBXFileReference; lastKnownFileType = wrapper.framework; name = ImageIO.framework; path = System/Library/Frameworks/ImageIO.framework; sourceTree = SDKROOT; };
		81D48C5C1C22B1400008632F /* CoreText.framework */ = {isa = PBXFileReference; lastKnownFileType = wrapper.framework; name = CoreText.framework; path = System/Library/Frameworks/CoreText.framework; sourceTree = SDKROOT; };
		81D48C651C23C3B20008632F /* btn_weChat.png */ = {isa = PBXFileReference; lastKnownFileType = image.png; path = btn_weChat.png; sourceTree = "<group>"; };
		81DC6CE51C196F7C00C739CD /* launch_icon@2x.png */ = {isa = PBXFileReference; lastKnownFileType = image.png; path = "launch_icon@2x.png"; sourceTree = "<group>"; };
		81EB83E21C21689200233E8B /* Security.framework */ = {isa = PBXFileReference; lastKnownFileType = wrapper.framework; name = Security.framework; path = System/Library/Frameworks/Security.framework; sourceTree = SDKROOT; };
		81EB83E41C2168A000233E8B /* libiconv.tbd */ = {isa = PBXFileReference; lastKnownFileType = "sourcecode.text-based-dylib-definition"; name = libiconv.tbd; path = usr/lib/libiconv.tbd; sourceTree = SDKROOT; };
		81EB83E61C2168AD00233E8B /* CoreGraphics.framework */ = {isa = PBXFileReference; lastKnownFileType = wrapper.framework; name = CoreGraphics.framework; path = System/Library/Frameworks/CoreGraphics.framework; sourceTree = SDKROOT; };
		81EB83E81C2168D100233E8B /* libstdc++.tbd */ = {isa = PBXFileReference; lastKnownFileType = "sourcecode.text-based-dylib-definition"; name = "libstdc++.tbd"; path = "usr/lib/libstdc++.tbd"; sourceTree = SDKROOT; };
		81F29C5D1C200A2600556C6E /* test.png */ = {isa = PBXFileReference; lastKnownFileType = image.png; path = test.png; sourceTree = "<group>"; };
/* End PBXFileReference section */

/* Begin PBXFrameworksBuildPhase section */
		81AC35481C16B7CA004C4160 /* Frameworks */ = {
			isa = PBXFrameworksBuildPhase;
			buildActionMask = 2147483647;
			files = (
				810DF9811C4F6DE50071228A /* libWeChatSDK.a in Frameworks */,
				81D48C5D1C22B1400008632F /* CoreText.framework in Frameworks */,
				81D48C5B1C22B12F0008632F /* ImageIO.framework in Frameworks */,
				81D48C591C22B1150008632F /* QuartzCore.framework in Frameworks */,
				81EB83E91C2168D100233E8B /* libstdc++.tbd in Frameworks */,
				810DF97F1C4F6DE50071228A /* TencentOpenAPI.framework in Frameworks */,
				81EB83E71C2168AD00233E8B /* CoreGraphics.framework in Frameworks */,
				81EB83E51C2168A000233E8B /* libiconv.tbd in Frameworks */,
				81EB83E31C21689200233E8B /* Security.framework in Frameworks */,
				816FFA7F1C1AA6F200B26ABE /* libc++.tbd in Frameworks */,
				810DF9821C4F6DE50071228A /* libWeiboSDK.a in Frameworks */,
				816FFA781C1AA3C300B26ABE /* libsqlite3.0.tbd in Frameworks */,
				816FFA761C1AA3B900B26ABE /* libz.tbd in Frameworks */,
				816FFA741C1AA3AF00B26ABE /* CoreTelephony.framework in Frameworks */,
				816FFA721C1AA3A400B26ABE /* SystemConfiguration.framework in Frameworks */,
			);
			runOnlyForDeploymentPostprocessing = 0;
		};
/* End PBXFrameworksBuildPhase section */

/* Begin PBXGroup section */
		810CD2161C1ABF1A001B0B2C /* Images */ = {
			isa = PBXGroup;
			children = (
				816933921C23CAB00074C80A /* close_x@2x.png */,
				81D48C651C23C3B20008632F /* btn_weChat.png */,
				816704061C23CEC900C36999 /* btn_weibo.png */,
				816704081C23CFE800C36999 /* btn_QQ.png */,
				81F29C5D1C200A2600556C6E /* test.png */,
				81DC6CE51C196F7C00C739CD /* launch_icon@2x.png */,
				810CD20C1C1ABF15001B0B2C /* share_pengyou@2x.png */,
				810CD20D1C1ABF15001B0B2C /* share_QQ@2x.png */,
				810CD20E1C1ABF15001B0B2C /* share_QZone@2x.png */,
				810CD20F1C1ABF15001B0B2C /* share_weChat@2x.png */,
				810CD2101C1ABF15001B0B2C /* share_weibo@2x.png */,
				8101F5F31C1AD6BD00231439 /* icon_1@2x.png */,
				8101F5F11C1AD5F900231439 /* icon_2@2x.png */,
			);
			name = Images;
			sourceTree = "<group>";
		};
		810DF9151C4F6DE50071228A /* EMShareSDK */ = {
			isa = PBXGroup;
			children = (
				810DF9161C4F6DE50071228A /* Common */,
				810DF91A1C4F6DE50071228A /* Core */,
				810DF9501C4F6DE50071228A /* Extend */,
			);
			path = EMShareSDK;
			sourceTree = SOURCE_ROOT;
		};
		810DF9161C4F6DE50071228A /* Common */ = {
			isa = PBXGroup;
			children = (
				810DF9171C4F6DE50071228A /* EMSConfigure.plist */,
				810DF9181C4F6DE50071228A /* EMSConstant.h */,
				810DF9191C4F6DE50071228A /* EMSTypedef.h */,
			);
			path = Common;
			sourceTree = "<group>";
		};
		810DF91A1C4F6DE50071228A /* Core */ = {
			isa = PBXGroup;
			children = (
				810DF91B1C4F6DE50071228A /* EMSLogin.h */,
				810DF91C1C4F6DE50071228A /* EMSLogin.m */,
				810DF91D1C4F6DE50071228A /* EMSShareSDK.h */,
				810DF91E1C4F6DE50071228A /* EMSShareSDK.m */,
				810DF91F1C4F6DE50071228A /* Execute */,
				810DF9241C4F6DE50071228A /* Model */,
				810DF9271C4F6DE50071228A /* Utils */,
			);
			path = Core;
			sourceTree = "<group>";
		};
		810DF91F1C4F6DE50071228A /* Execute */ = {
			isa = PBXGroup;
			children = (
				810DF9201C4F6DE50071228A /* EMSHandler.h */,
				810DF9211C4F6DE50071228A /* EMSHandler.m */,
				810DF9221C4F6DE50071228A /* EMSManager.h */,
				810DF9231C4F6DE50071228A /* EMSManager.m */,
			);
			path = Execute;
			sourceTree = "<group>";
		};
		810DF9241C4F6DE50071228A /* Model */ = {
			isa = PBXGroup;
			children = (
				810DF9251C4F6DE50071228A /* EMSObject.h */,
				810DF9261C4F6DE50071228A /* EMSObject.m */,
			);
			path = Model;
			sourceTree = "<group>";
		};
		810DF9271C4F6DE50071228A /* Utils */ = {
			isa = PBXGroup;
			children = (
				810DF9281C4F6DE50071228A /* EMSImageLoader.h */,
				810DF9291C4F6DE50071228A /* EMSImageLoader.m */,
				810DF92A1C4F6DE50071228A /* EMSPersister.h */,
				810DF92B1C4F6DE50071228A /* EMSPersister.m */,
				810DF92C1C4F6DE50071228A /* SDWebImage */,
				810DF94E1C4F6DE50071228A /* UIImage+CompressImage.h */,
				810DF94F1C4F6DE50071228A /* UIImage+CompressImage.m */,
			);
			path = Utils;
			sourceTree = "<group>";
		};
		810DF92C1C4F6DE50071228A /* SDWebImage */ = {
			isa = PBXGroup;
			children = (
				810DF92D1C4F6DE50071228A /* MKAnnotationView+WebCache.h */,
				810DF92E1C4F6DE50071228A /* MKAnnotationView+WebCache.m */,
				810DF92F1C4F6DE50071228A /* NSData+ImageContentType.h */,
				810DF9301C4F6DE50071228A /* NSData+ImageContentType.m */,
				810DF9311C4F6DE50071228A /* SDImageCache.h */,
				810DF9321C4F6DE50071228A /* SDImageCache.m */,
				810DF9331C4F6DE50071228A /* SDWebImageCompat.h */,
				810DF9341C4F6DE50071228A /* SDWebImageCompat.m */,
				810DF9351C4F6DE50071228A /* SDWebImageDecoder.h */,
				810DF9361C4F6DE50071228A /* SDWebImageDecoder.m */,
				810DF9371C4F6DE50071228A /* SDWebImageDownloader.h */,
				810DF9381C4F6DE50071228A /* SDWebImageDownloader.m */,
				810DF9391C4F6DE50071228A /* SDWebImageDownloaderOperation.h */,
				810DF93A1C4F6DE50071228A /* SDWebImageDownloaderOperation.m */,
				810DF93B1C4F6DE50071228A /* SDWebImageManager.h */,
				810DF93C1C4F6DE50071228A /* SDWebImageManager.m */,
				810DF93D1C4F6DE50071228A /* SDWebImageOperation.h */,
				810DF93E1C4F6DE50071228A /* SDWebImagePrefetcher.h */,
				810DF93F1C4F6DE50071228A /* SDWebImagePrefetcher.m */,
				810DF9401C4F6DE50071228A /* UIButton+WebCache.h */,
				810DF9411C4F6DE50071228A /* UIButton+WebCache.m */,
				810DF9421C4F6DE50071228A /* UIImage+GIF.h */,
				810DF9431C4F6DE50071228A /* UIImage+GIF.m */,
				810DF9441C4F6DE50071228A /* UIImage+MultiFormat.h */,
				810DF9451C4F6DE50071228A /* UIImage+MultiFormat.m */,
				810DF9461C4F6DE50071228A /* UIImage+WebP.h */,
				810DF9471C4F6DE50071228A /* UIImage+WebP.m */,
				810DF9481C4F6DE50071228A /* UIImageView+HighlightedWebCache.h */,
				810DF9491C4F6DE50071228A /* UIImageView+HighlightedWebCache.m */,
				810DF94A1C4F6DE50071228A /* UIImageView+WebCache.h */,
				810DF94B1C4F6DE50071228A /* UIImageView+WebCache.m */,
				810DF94C1C4F6DE50071228A /* UIView+WebCacheOperation.h */,
				810DF94D1C4F6DE50071228A /* UIView+WebCacheOperation.m */,
			);
			path = SDWebImage;
			sourceTree = "<group>";
		};
		810DF9501C4F6DE50071228A /* Extend */ = {
			isa = PBXGroup;
			children = (
				810DF9511C4F6DE50071228A /* QQ */,
				810DF9541C4F6DE50071228A /* WeChat */,
				810DF9591C4F6DE50071228A /* Weibo */,
			);
			path = Extend;
			sourceTree = "<group>";
		};
		810DF9511C4F6DE50071228A /* QQ */ = {
			isa = PBXGroup;
			children = (
				810DF9521C4F6DE50071228A /* TencentOpenAPI.framework */,
				810DF9531C4F6DE50071228A /* TencentOpenApi_IOS_Bundle.bundle */,
			);
			path = QQ;
			sourceTree = "<group>";
		};
		810DF9541C4F6DE50071228A /* WeChat */ = {
			isa = PBXGroup;
			children = (
				810DF9551C4F6DE50071228A /* libWeChatSDK.a */,
				810DF9561C4F6DE50071228A /* WechatAuthSDK.h */,
				810DF9571C4F6DE50071228A /* WXApi.h */,
				810DF9581C4F6DE50071228A /* WXApiObject.h */,
			);
			path = WeChat;
			sourceTree = "<group>";
		};
		810DF9591C4F6DE50071228A /* Weibo */ = {
			isa = PBXGroup;
			children = (
				810DF95A1C4F6DE50071228A /* libWeiboSDK.a */,
				810DF95B1C4F6DE50071228A /* WBHttpRequest+WeiboGame.h */,
				810DF95C1C4F6DE50071228A /* WBHttpRequest+WeiboShare.h */,
				810DF95D1C4F6DE50071228A /* WBHttpRequest+WeiboToken.h */,
				810DF95E1C4F6DE50071228A /* WBHttpRequest+WeiboUser.h */,
				810DF95F1C4F6DE50071228A /* WBHttpRequest.h */,
				810DF9601C4F6DE50071228A /* WBSDKBasicButton.h */,
				810DF9611C4F6DE50071228A /* WBSDKCommentButton.h */,
				810DF9621C4F6DE50071228A /* WBSDKRelationshipButton.h */,
				810DF9631C4F6DE50071228A /* WeiboSDK.bundle */,
				810DF9641C4F6DE50071228A /* WeiboSDK.h */,
				810DF9651C4F6DE50071228A /* WeiboUser.h */,
			);
			path = Weibo;
			sourceTree = "<group>";
		};
		8149FC311C1AAFF900CAE0E9 /* UIShareView */ = {
			isa = PBXGroup;
			children = (
				8149FC321C1AAFF900CAE0E9 /* UIButtonTextView.h */,
				8149FC331C1AAFF900CAE0E9 /* UIButtonTextView.m */,
				8149FC341C1AAFF900CAE0E9 /* UIShareView.h */,
				8149FC351C1AAFF900CAE0E9 /* UIShareView.m */,
			);
			path = UIShareView;
			sourceTree = "<group>";
		};
		8149FC391C1AB06300CAE0E9 /* Utils */ = {
			isa = PBXGroup;
			children = (
				8149FC3A1C1AB08A00CAE0E9 /* EMSMacros.h */,
				81628FC51C1AB6CB0019F2CA /* UIView+Ext.h */,
				81628FC61C1AB6CB0019F2CA /* UIView+Ext.m */,
			);
			name = Utils;
			sourceTree = "<group>";
		};
		816FFA791C1AA42B00B26ABE /* Frameworks */ = {
			isa = PBXGroup;
			children = (
				816FFA7E1C1AA6F200B26ABE /* libc++.tbd */,
				816FFA771C1AA3C300B26ABE /* libsqlite3.0.tbd */,
				816FFA751C1AA3B900B26ABE /* libz.tbd */,
				81EB83E81C2168D100233E8B /* libstdc++.tbd */,
				81EB83E41C2168A000233E8B /* libiconv.tbd */,
				81D48C5C1C22B1400008632F /* CoreText.framework */,
				81D48C5A1C22B12F0008632F /* ImageIO.framework */,
				81D48C581C22B1140008632F /* QuartzCore.framework */,
				81EB83E61C2168AD00233E8B /* CoreGraphics.framework */,
				816FFA731C1AA3AF00B26ABE /* CoreTelephony.framework */,
				81EB83E21C21689200233E8B /* Security.framework */,
				816FFA711C1AA3A400B26ABE /* SystemConfiguration.framework */,
			);
			name = Frameworks;
			sourceTree = "<group>";
		};
		81AC35421C16B7CA004C4160 = {
			isa = PBXGroup;
			children = (
				81AC354D1C16B7CA004C4160 /* ShareDome */,
				81AC354C1C16B7CA004C4160 /* Products */,
			);
			sourceTree = "<group>";
		};
		81AC354C1C16B7CA004C4160 /* Products */ = {
			isa = PBXGroup;
			children = (
				81AC354B1C16B7CA004C4160 /* ShareDome.app */,
			);
			name = Products;
			sourceTree = "<group>";
		};
		81AC354D1C16B7CA004C4160 /* ShareDome */ = {
			isa = PBXGroup;
			children = (
				81AC355D1C16B7CA004C4160 /* Main.storyboard */,
				81AC35511C16B7CA004C4160 /* AppDelegate.h */,
				81AC35521C16B7CA004C4160 /* AppDelegate.m */,
				810CD2091C1ABDE4001B0B2C /* EMSShareViewController.h */,
				810CD20A1C1ABDE4001B0B2C /* EMSShareViewController.m */,
				8149FC2E1C1AAB8700CAE0E9 /* EMSLoginViewController.h */,
				8149FC2F1C1AAB8700CAE0E9 /* EMSLoginViewController.m */,
				810DF9151C4F6DE50071228A /* EMShareSDK */,
				81AC354E1C16B7CA004C4160 /* Supporting Files */,
			);
			path = ShareDome;
			sourceTree = "<group>";
		};
		81AC354E1C16B7CA004C4160 /* Supporting Files */ = {
			isa = PBXGroup;
			children = (
				8149FC391C1AB06300CAE0E9 /* Utils */,
				816FFA791C1AA42B00B26ABE /* Frameworks */,
				8149FC311C1AAFF900CAE0E9 /* UIShareView */,
				81AC35651C16B7CA004C4160 /* Info.plist */,
				81AC354F1C16B7CA004C4160 /* main.m */,
				8149FC381C1AB03500CAE0E9 /* PrefixHeader.pch */,
				810CD2161C1ABF1A001B0B2C /* Images */,
				81AC35601C16B7CA004C4160 /* Assets.xcassets */,
				81AC35621C16B7CA004C4160 /* LaunchScreen.storyboard */,
			);
			name = "Supporting Files";
			sourceTree = "<group>";
		};
/* End PBXGroup section */

/* Begin PBXNativeTarget section */
		81AC354A1C16B7CA004C4160 /* ShareDome */ = {
			isa = PBXNativeTarget;
			buildConfigurationList = 81AC357E1C16B7CA004C4160 /* Build configuration list for PBXNativeTarget "ShareDome" */;
			buildPhases = (
				81AC35471C16B7CA004C4160 /* Sources */,
				81AC35481C16B7CA004C4160 /* Frameworks */,
				81AC35491C16B7CA004C4160 /* Resources */,
			);
			buildRules = (
			);
			dependencies = (
			);
			name = ShareDome;
			productName = ShareDome;
			productReference = 81AC354B1C16B7CA004C4160 /* ShareDome.app */;
			productType = "com.apple.product-type.application";
		};
/* End PBXNativeTarget section */

/* Begin PBXProject section */
		81AC35431C16B7CA004C4160 /* Project object */ = {
			isa = PBXProject;
			attributes = {
				CLASSPREFIX = EMS;
				LastUpgradeCheck = 0710;
				ORGANIZATIONNAME = Easymob;
				TargetAttributes = {
					81AC354A1C16B7CA004C4160 = {
						CreatedOnToolsVersion = 7.1;
					};
				};
			};
			buildConfigurationList = 81AC35461C16B7CA004C4160 /* Build configuration list for PBXProject "ShareDome" */;
			compatibilityVersion = "Xcode 3.2";
			developmentRegion = English;
			hasScannedForEncodings = 0;
			knownRegions = (
				en,
				Base,
				"zh-Hans",
			);
			mainGroup = 81AC35421C16B7CA004C4160;
			productRefGroup = 81AC354C1C16B7CA004C4160 /* Products */;
			projectDirPath = "";
			projectRoot = "";
			targets = (
				81AC354A1C16B7CA004C4160 /* ShareDome */,
			);
		};
/* End PBXProject section */

/* Begin PBXResourcesBuildPhase section */
		81AC35491C16B7CA004C4160 /* Resources */ = {
			isa = PBXResourcesBuildPhase;
			buildActionMask = 2147483647;
			files = (
				816933931C23CAB00074C80A /* close_x@2x.png in Resources */,
				810DF9831C4F6DE50071228A /* WeiboSDK.bundle in Resources */,
				810CD2131C1ABF15001B0B2C /* share_QZone@2x.png in Resources */,
				810CD2121C1ABF15001B0B2C /* share_QQ@2x.png in Resources */,
				81AC35641C16B7CA004C4160 /* LaunchScreen.storyboard in Resources */,
				810CD2111C1ABF15001B0B2C /* share_pengyou@2x.png in Resources */,
				816704091C23CFE800C36999 /* btn_QQ.png in Resources */,
				810DF9801C4F6DE50071228A /* TencentOpenApi_IOS_Bundle.bundle in Resources */,
				81F29C5E1C200A2600556C6E /* test.png in Resources */,
				810CD2151C1ABF15001B0B2C /* share_weibo@2x.png in Resources */,
				810DF9661C4F6DE50071228A /* EMSConfigure.plist in Resources */,
				81AC35611C16B7CA004C4160 /* Assets.xcassets in Resources */,
				8101F5F21C1AD5F900231439 /* icon_2@2x.png in Resources */,
				81AC355F1C16B7CA004C4160 /* Main.storyboard in Resources */,
				810CD2141C1ABF15001B0B2C /* share_weChat@2x.png in Resources */,
				816704071C23CEC900C36999 /* btn_weibo.png in Resources */,
				81D48C661C23C3B20008632F /* btn_weChat.png in Resources */,
				8101F5F41C1AD6BD00231439 /* icon_1@2x.png in Resources */,
				81DC6CE61C196F7C00C739CD /* launch_icon@2x.png in Resources */,
			);
			runOnlyForDeploymentPostprocessing = 0;
		};
/* End PBXResourcesBuildPhase section */

/* Begin PBXSourcesBuildPhase section */
		81AC35471C16B7CA004C4160 /* Sources */ = {
			isa = PBXSourcesBuildPhase;
			buildActionMask = 2147483647;
			files = (
				810DF9791C4F6DE50071228A /* UIImage+MultiFormat.m in Sources */,
				810DF97A1C4F6DE50071228A /* UIImage+WebP.m in Sources */,
				81AC35531C16B7CA004C4160 /* AppDelegate.m in Sources */,
				810DF9751C4F6DE50071228A /* SDWebImageManager.m in Sources */,
				810DF96A1C4F6DE50071228A /* EMSManager.m in Sources */,
				8149FC371C1AAFF900CAE0E9 /* UIShareView.m in Sources */,
				810DF96D1C4F6DE50071228A /* EMSPersister.m in Sources */,
				810DF9731C4F6DE50071228A /* SDWebImageDownloader.m in Sources */,
				81628FC71C1AB6CB0019F2CA /* UIView+Ext.m in Sources */,
				810DF9681C4F6DE50071228A /* EMSShareSDK.m in Sources */,
				810DF96C1C4F6DE50071228A /* EMSImageLoader.m in Sources */,
				810DF9671C4F6DE50071228A /* EMSLogin.m in Sources */,
				810DF96E1C4F6DE50071228A /* MKAnnotationView+WebCache.m in Sources */,
				810DF96B1C4F6DE50071228A /* EMSObject.m in Sources */,
				810DF96F1C4F6DE50071228A /* NSData+ImageContentType.m in Sources */,
				810DF9781C4F6DE50071228A /* UIImage+GIF.m in Sources */,
				810DF9771C4F6DE50071228A /* UIButton+WebCache.m in Sources */,
				8149FC301C1AAB8700CAE0E9 /* EMSLoginViewController.m in Sources */,
				810DF9761C4F6DE50071228A /* SDWebImagePrefetcher.m in Sources */,
				810DF9721C4F6DE50071228A /* SDWebImageDecoder.m in Sources */,
				810DF9701C4F6DE50071228A /* SDImageCache.m in Sources */,
				810DF9711C4F6DE50071228A /* SDWebImageCompat.m in Sources */,
				810DF97D1C4F6DE50071228A /* UIView+WebCacheOperation.m in Sources */,
				810DF97E1C4F6DE50071228A /* UIImage+CompressImage.m in Sources */,
				810CD20B1C1ABDE4001B0B2C /* EMSShareViewController.m in Sources */,
				81AC35501C16B7CA004C4160 /* main.m in Sources */,
				810DF9741C4F6DE50071228A /* SDWebImageDownloaderOperation.m in Sources */,
				810DF9691C4F6DE50071228A /* EMSHandler.m in Sources */,
				810DF97C1C4F6DE50071228A /* UIImageView+WebCache.m in Sources */,
				810DF97B1C4F6DE50071228A /* UIImageView+HighlightedWebCache.m in Sources */,
				8149FC361C1AAFF900CAE0E9 /* UIButtonTextView.m in Sources */,
			);
			runOnlyForDeploymentPostprocessing = 0;
		};
/* End PBXSourcesBuildPhase section */

/* Begin PBXVariantGroup section */
		81AC355D1C16B7CA004C4160 /* Main.storyboard */ = {
			isa = PBXVariantGroup;
			children = (
				81AC355E1C16B7CA004C4160 /* Base */,
			);
			name = Main.storyboard;
			sourceTree = "<group>";
		};
		81AC35621C16B7CA004C4160 /* LaunchScreen.storyboard */ = {
			isa = PBXVariantGroup;
			children = (
				81AC35631C16B7CA004C4160 /* Base */,
			);
			name = LaunchScreen.storyboard;
			sourceTree = "<group>";
		};
/* End PBXVariantGroup section */

/* Begin XCBuildConfiguration section */
		81AC357C1C16B7CA004C4160 /* Debug */ = {
			isa = XCBuildConfiguration;
			buildSettings = {
				ALWAYS_SEARCH_USER_PATHS = NO;
				CLANG_CXX_LANGUAGE_STANDARD = "gnu++0x";
				CLANG_CXX_LIBRARY = "libc++";
				CLANG_ENABLE_MODULES = YES;
				CLANG_ENABLE_OBJC_ARC = YES;
				CLANG_WARN_BOOL_CONVERSION = YES;
				CLANG_WARN_CONSTANT_CONVERSION = YES;
				CLANG_WARN_DIRECT_OBJC_ISA_USAGE = YES_ERROR;
				CLANG_WARN_EMPTY_BODY = YES;
				CLANG_WARN_ENUM_CONVERSION = YES;
				CLANG_WARN_INT_CONVERSION = YES;
				CLANG_WARN_OBJC_ROOT_CLASS = YES_ERROR;
				CLANG_WARN_UNREACHABLE_CODE = YES;
				CLANG_WARN__DUPLICATE_METHOD_MATCH = YES;
				"CODE_SIGN_IDENTITY[sdk=iphoneos*]" = "iPhone Developer";
				COPY_PHASE_STRIP = NO;
				DEBUG_INFORMATION_FORMAT = dwarf;
				ENABLE_STRICT_OBJC_MSGSEND = YES;
				ENABLE_TESTABILITY = YES;
				GCC_C_LANGUAGE_STANDARD = gnu99;
				GCC_DYNAMIC_NO_PIC = NO;
				GCC_NO_COMMON_BLOCKS = YES;
				GCC_OPTIMIZATION_LEVEL = 0;
				GCC_PREPROCESSOR_DEFINITIONS = (
					"DEBUG=1",
					"$(inherited)",
				);
				GCC_WARN_64_TO_32_BIT_CONVERSION = YES;
				GCC_WARN_ABOUT_RETURN_TYPE = YES_ERROR;
				GCC_WARN_UNDECLARED_SELECTOR = YES;
				GCC_WARN_UNINITIALIZED_AUTOS = YES_AGGRESSIVE;
				GCC_WARN_UNUSED_FUNCTION = YES;
				GCC_WARN_UNUSED_VARIABLE = YES;
				IPHONEOS_DEPLOYMENT_TARGET = 9.1;
				MTL_ENABLE_DEBUG_INFO = YES;
				ONLY_ACTIVE_ARCH = YES;
				SDKROOT = iphoneos;
				TARGETED_DEVICE_FAMILY = "1,2";
			};
			name = Debug;
		};
		81AC357D1C16B7CA004C4160 /* Release */ = {
			isa = XCBuildConfiguration;
			buildSettings = {
				ALWAYS_SEARCH_USER_PATHS = NO;
				CLANG_CXX_LANGUAGE_STANDARD = "gnu++0x";
				CLANG_CXX_LIBRARY = "libc++";
				CLANG_ENABLE_MODULES = YES;
				CLANG_ENABLE_OBJC_ARC = YES;
				CLANG_WARN_BOOL_CONVERSION = YES;
				CLANG_WARN_CONSTANT_CONVERSION = YES;
				CLANG_WARN_DIRECT_OBJC_ISA_USAGE = YES_ERROR;
				CLANG_WARN_EMPTY_BODY = YES;
				CLANG_WARN_ENUM_CONVERSION = YES;
				CLANG_WARN_INT_CONVERSION = YES;
				CLANG_WARN_OBJC_ROOT_CLASS = YES_ERROR;
				CLANG_WARN_UNREACHABLE_CODE = YES;
				CLANG_WARN__DUPLICATE_METHOD_MATCH = YES;
				"CODE_SIGN_IDENTITY[sdk=iphoneos*]" = "iPhone Developer";
				COPY_PHASE_STRIP = NO;
				DEBUG_INFORMATION_FORMAT = "dwarf-with-dsym";
				ENABLE_NS_ASSERTIONS = NO;
				ENABLE_STRICT_OBJC_MSGSEND = YES;
				GCC_C_LANGUAGE_STANDARD = gnu99;
				GCC_NO_COMMON_BLOCKS = YES;
				GCC_WARN_64_TO_32_BIT_CONVERSION = YES;
				GCC_WARN_ABOUT_RETURN_TYPE = YES_ERROR;
				GCC_WARN_UNDECLARED_SELECTOR = YES;
				GCC_WARN_UNINITIALIZED_AUTOS = YES_AGGRESSIVE;
				GCC_WARN_UNUSED_FUNCTION = YES;
				GCC_WARN_UNUSED_VARIABLE = YES;
				IPHONEOS_DEPLOYMENT_TARGET = 9.1;
				MTL_ENABLE_DEBUG_INFO = NO;
				SDKROOT = iphoneos;
				TARGETED_DEVICE_FAMILY = "1,2";
				VALIDATE_PRODUCT = YES;
			};
			name = Release;
		};
		81AC357F1C16B7CA004C4160 /* Debug */ = {
			isa = XCBuildConfiguration;
			buildSettings = {
				ASSETCATALOG_COMPILER_APPICON_NAME = AppIcon;
				ASSETCATALOG_COMPILER_LAUNCHIMAGE_NAME = Launch;
				ENABLE_BITCODE = NO;
				FRAMEWORK_SEARCH_PATHS = (
					"$(inherited)",
					"$(PROJECT_DIR)/EMShareSDK/Extend/QQ",
				);
				GCC_PREFIX_HEADER = "$(SRCROOT)/$(TARGET_NAME)/PrefixHeader.pch";
				INFOPLIST_FILE = ShareDome/Info.plist;
				IPHONEOS_DEPLOYMENT_TARGET = 7.0;
				LD_RUNPATH_SEARCH_PATHS = "$(inherited) @executable_path/Frameworks";
				LIBRARY_SEARCH_PATHS = (
					"$(inherited)",
					"$(PROJECT_DIR)/EMShareSDK/Extend/WeChat",
					"$(PROJECT_DIR)/EMShareSDK/Extend/Weibo",
				);
				OTHER_LDFLAGS = (
					"-ObjC",
					"-fobjc-arc",
				);
				PRODUCT_BUNDLE_IDENTIFIER = com.easymob.miaopin;
				PRODUCT_NAME = "$(TARGET_NAME)";
			};
			name = Debug;
		};
		81AC35801C16B7CA004C4160 /* Release */ = {
			isa = XCBuildConfiguration;
			buildSettings = {
				ASSETCATALOG_COMPILER_APPICON_NAME = AppIcon;
				ASSETCATALOG_COMPILER_LAUNCHIMAGE_NAME = Launch;
				ENABLE_BITCODE = NO;
				FRAMEWORK_SEARCH_PATHS = (
					"$(inherited)",
					"$(PROJECT_DIR)/EMShareSDK/Extend/QQ",
				);
				GCC_PREFIX_HEADER = "$(SRCROOT)/$(TARGET_NAME)/PrefixHeader.pch";
				INFOPLIST_FILE = ShareDome/Info.plist;
				IPHONEOS_DEPLOYMENT_TARGET = 7.0;
				LD_RUNPATH_SEARCH_PATHS = "$(inherited) @executable_path/Frameworks";
				LIBRARY_SEARCH_PATHS = (
					"$(inherited)",
					"$(PROJECT_DIR)/EMShareSDK/Extend/WeChat",
					"$(PROJECT_DIR)/EMShareSDK/Extend/Weibo",
				);
				OTHER_LDFLAGS = (
					"-ObjC",
					"-fobjc-arc",
				);
				PRODUCT_BUNDLE_IDENTIFIER = com.easymob.miaopin;
				PRODUCT_NAME = "$(TARGET_NAME)";
			};
			name = Release;
		};
/* End XCBuildConfiguration section */

/* Begin XCConfigurationList section */
		81AC35461C16B7CA004C4160 /* Build configuration list for PBXProject "ShareDome" */ = {
			isa = XCConfigurationList;
			buildConfigurations = (
				81AC357C1C16B7CA004C4160 /* Debug */,
				81AC357D1C16B7CA004C4160 /* Release */,
			);
			defaultConfigurationIsVisible = 0;
			defaultConfigurationName = Release;
		};
		81AC357E1C16B7CA004C4160 /* Build configuration list for PBXNativeTarget "ShareDome" */ = {
			isa = XCConfigurationList;
			buildConfigurations = (
				81AC357F1C16B7CA004C4160 /* Debug */,
				81AC35801C16B7CA004C4160 /* Release */,
			);
			defaultConfigurationIsVisible = 0;
			defaultConfigurationName = Release;
		};
/* End XCConfigurationList section */
	};
	rootObject = 81AC35431C16B7CA004C4160 /* Project object */;
}
